
Microsoft Visual Studio Solution File, Format Version 12.00
# Visual Studio Version 16
VisualStudioVersion = 16.0.31321.278
MinimumVisualStudioVersion = 10.0.40219.1
Project("{FAE04EC0-301F-11D3-BF4B-00C04F79EFBC}") = "FaktoriyelHesaplamaUygulamasi", "FaktoriyelHesaplamaUygulamasi\FaktoriyelHesaplamaUygulamasi.csproj", "{2345668C-571C-49A2-BC37-61AE177F1AFC}"
EndProject
Global
	GlobalSection(SolutionConfigurationPlatforms) = preSolution
		Debug|Any CPU = Debug|Any CPU
		Release|Any CPU = Release|Any CPU
	EndGlobalSection
	GlobalSection(ProjectConfigurationPlatforms) = postSolution
		{2345668C-571C-49A2-BC37-61AE177F1AFC}.Debug|Any CPU.ActiveCfg = Debug|Any CPU
		{2345668C-571C-49A2-BC37-61AE177F1AFC}.Debug|Any CPU.Build.0 = Debug|Any CPU
		{2345668C-571C-49A2-BC37-61AE177F1AFC}.Release|Any CPU.ActiveCfg = Release|Any CPU
		{2345668C-571C-49A2-BC37-61AE177F1AFC}.Release|Any CPU.Build.0 = Release|Any CPU
	EndGlobalSection
	GlobalSection(SolutionProperties) = preSolution
		HideSolutionNode = FALSE
	EndGlobalSection
	GlobalSection(ExtensibilityGlobals) = postSolution
		SolutionGuid = {EBCE12FC-E39B-490D-B93C-F1491300F0C6}
	EndGlobalSection
EndGlobal
