
Microsoft Visual Studio Solution File, Format Version 12.00
# Visual Studio Version 16
VisualStudioVersion = 16.0.31321.278
MinimumVisualStudioVersion = 10.0.40219.1
Project("{FAE04EC0-301F-11D3-BF4B-00C04F79EFBC}") = "RandomLigOyunu", "RandomLigOyunu\RandomLigOyunu.csproj", "{579A9AEF-C3DC-469D-B3C6-7B90D340BDDE}"
EndProject
Global
	GlobalSection(SolutionConfigurationPlatforms) = preSolution
		Debug|Any CPU = Debug|Any CPU
		Release|Any CPU = Release|Any CPU
	EndGlobalSection
	GlobalSection(ProjectConfigurationPlatforms) = postSolution
		{579A9AEF-C3DC-469D-B3C6-7B90D340BDDE}.Debug|Any CPU.ActiveCfg = Debug|Any CPU
		{579A9AEF-C3DC-469D-B3C6-7B90D340BDDE}.Debug|Any CPU.Build.0 = Debug|Any CPU
		{579A9AEF-C3DC-469D-B3C6-7B90D340BDDE}.Release|Any CPU.ActiveCfg = Release|Any CPU
		{579A9AEF-C3DC-469D-B3C6-7B90D340BDDE}.Release|Any CPU.Build.0 = Release|Any CPU
	EndGlobalSection
	GlobalSection(SolutionProperties) = preSolution
		HideSolutionNode = FALSE
	EndGlobalSection
	GlobalSection(ExtensibilityGlobals) = postSolution
		SolutionGuid = {4930122C-E31A-4295-AA19-036AF0D50009}
	EndGlobalSection
EndGlobal
