
Microsoft Visual Studio Solution File, Format Version 12.00
# Visual Studio Version 16
VisualStudioVersion = 16.0.31321.278
MinimumVisualStudioVersion = 10.0.40219.1
Project("{FAE04EC0-301F-11D3-BF4B-00C04F79EFBC}") = "PansiyonKayitUygulamasi", "PansiyonKayitUygulamasi\PansiyonKayitUygulamasi.csproj", "{B350E9FF-0488-42B3-BC1E-06DBC2B86CB0}"
EndProject
Global
	GlobalSection(SolutionConfigurationPlatforms) = preSolution
		Debug|Any CPU = Debug|Any CPU
		Release|Any CPU = Release|Any CPU
	EndGlobalSection
	GlobalSection(ProjectConfigurationPlatforms) = postSolution
		{B350E9FF-0488-42B3-BC1E-06DBC2B86CB0}.Debug|Any CPU.ActiveCfg = Debug|Any CPU
		{B350E9FF-0488-42B3-BC1E-06DBC2B86CB0}.Debug|Any CPU.Build.0 = Debug|Any CPU
		{B350E9FF-0488-42B3-BC1E-06DBC2B86CB0}.Release|Any CPU.ActiveCfg = Release|Any CPU
		{B350E9FF-0488-42B3-BC1E-06DBC2B86CB0}.Release|Any CPU.Build.0 = Release|Any CPU
	EndGlobalSection
	GlobalSection(SolutionProperties) = preSolution
		HideSolutionNode = FALSE
	EndGlobalSection
	GlobalSection(ExtensibilityGlobals) = postSolution
		SolutionGuid = {600CA03B-8699-4397-B166-74FF30C0CA1C}
	EndGlobalSection
EndGlobal
